
Microsoft Visual Studio Solution File, Format Version 12.00
# Visual Studio Version 17
VisualStudioVersion = 17.5.002.0
MinimumVisualStudioVersion = 10.0.40219.1
Project("{9A19103F-16F7-4668-BE54-9A1E7A4F7556}") = "Rediscache", "Rediscache.csproj", "{70C63A87-7EE6-4816-8784-22BBE859CA20}"
EndProject
Global
	GlobalSection(SolutionConfigurationPlatforms) = preSolution
		Debug|Any CPU = Debug|Any CPU
		Release|Any CPU = Release|Any CPU
	EndGlobalSection
	GlobalSection(ProjectConfigurationPlatforms) = postSolution
		{70C63A87-7EE6-4816-8784-22BBE859CA20}.Debug|Any CPU.ActiveCfg = Debug|Any CPU
		{70C63A87-7EE6-4816-8784-22BBE859CA20}.Debug|Any CPU.Build.0 = Debug|Any CPU
		{70C63A87-7EE6-4816-8784-22BBE859CA20}.Release|Any CPU.ActiveCfg = Release|Any CPU
		{70C63A87-7EE6-4816-8784-22BBE859CA20}.Release|Any CPU.Build.0 = Release|Any CPU
	EndGlobalSection
	GlobalSection(SolutionProperties) = preSolution
		HideSolutionNode = FALSE
	EndGlobalSection
	GlobalSection(ExtensibilityGlobals) = postSolution
		SolutionGuid = {7F81CA99-1760-4A94-9924-6FD9E8BB836A}
	EndGlobalSection
EndGlobal
